github.com/songgao/water v0.0.0-20190623021929-8567d1527789 h1:V1U432XEVG6q1LG0ZNkEyhgYpH8Igi5N4ydU1I33cL8=
github.com/songgao/water v0.0.0-20190623021929-8567d1527789/go.mod h1:P5HUIBuIWKbyjl083/loAegFkfbFNx5i2qEP4CNbm7E=
golang.org/x/sys v0.0.0-20190712062909-fae7ac547cb7 h1:LepdCS8Gf/MVejFIt8lsiexZATdoGVyp5bcyS+rYoUI=
golang.org/x/sys v0.0.0-20190712062909-fae7ac547cb7/go.mod h1:h1NjWce9XRLGQEsW7wpKNCjG9DtNlClVuFLEZdDNbEs=
